
Microsoft Visual Studio Solution File, Format Version 12.00
# Visual Studio Version 17
VisualStudioVersion = 17.6.33815.320
MinimumVisualStudioVersion = 10.0.40219.1
Project("{FAE04EC0-301F-11D3-BF4B-00C04F79EFBC}") = "PasswordGenerator.Core", "..\PasswordGenerator.Core\PasswordGenerator.Core.csproj", "{D2826361-4BEA-4502-A559-8138962AEC22}"
EndProject
Project("{FAE04EC0-301F-11D3-BF4B-00C04F79EFBC}") = "PasswordGenerator.UI", "..\PasswordGenerator.UI\PasswordGenerator.UI.csproj", "{903F8A8F-4301-4556-9FA5-E3F4068D5F66}"
EndProject
Global
	GlobalSection(SolutionConfigurationPlatforms) = preSolution
		Debug|Any CPU = Debug|Any CPU
		Release|Any CPU = Release|Any CPU
	EndGlobalSection
	GlobalSection(ProjectConfigurationPlatforms) = postSolution
		{D2826361-4BEA-4502-A559-8138962AEC22}.Debug|Any CPU.ActiveCfg = Debug|Any CPU
		{D2826361-4BEA-4502-A559-8138962AEC22}.Debug|Any CPU.Build.0 = Debug|Any CPU
		{D2826361-4BEA-4502-A559-8138962AEC22}.Release|Any CPU.ActiveCfg = Release|Any CPU
		{D2826361-4BEA-4502-A559-8138962AEC22}.Release|Any CPU.Build.0 = Release|Any CPU
		{903F8A8F-4301-4556-9FA5-E3F4068D5F66}.Debug|Any CPU.ActiveCfg = Debug|Any CPU
		{903F8A8F-4301-4556-9FA5-E3F4068D5F66}.Debug|Any CPU.Build.0 = Debug|Any CPU
		{903F8A8F-4301-4556-9FA5-E3F4068D5F66}.Release|Any CPU.ActiveCfg = Release|Any CPU
		{903F8A8F-4301-4556-9FA5-E3F4068D5F66}.Release|Any CPU.Build.0 = Release|Any CPU
	EndGlobalSection
	GlobalSection(SolutionProperties) = preSolution
		HideSolutionNode = FALSE
	EndGlobalSection
	GlobalSection(ExtensibilityGlobals) = postSolution
		SolutionGuid = {D4B615A6-C2AF-4170-AB2E-CFA9B9721192}
	EndGlobalSection
EndGlobal
